
Microsoft Visual Studio Solution File, Format Version 12.00
# Visual Studio Version 17
VisualStudioVersion = 17.6.33829.357
MinimumVisualStudioVersion = 10.0.40219.1
Project("{FAE04EC0-301F-11D3-BF4B-00C04F79EFBC}") = "eTickets", "eTickets\eTickets.csproj", "{3700CF84-67D7-4B4A-8954-8202130E93A0}"
EndProject
Global
	GlobalSection(SolutionConfigurationPlatforms) = preSolution
		Debug|Any CPU = Debug|Any CPU
		Release|Any CPU = Release|Any CPU
	EndGlobalSection
	GlobalSection(ProjectConfigurationPlatforms) = postSolution
		{3700CF84-67D7-4B4A-8954-8202130E93A0}.Debug|Any CPU.ActiveCfg = Debug|Any CPU
		{3700CF84-67D7-4B4A-8954-8202130E93A0}.Debug|Any CPU.Build.0 = Debug|Any CPU
		{3700CF84-67D7-4B4A-8954-8202130E93A0}.Release|Any CPU.ActiveCfg = Release|Any CPU
		{3700CF84-67D7-4B4A-8954-8202130E93A0}.Release|Any CPU.Build.0 = Release|Any CPU
	EndGlobalSection
	GlobalSection(SolutionProperties) = preSolution
		HideSolutionNode = FALSE
	EndGlobalSection
	GlobalSection(ExtensibilityGlobals) = postSolution
		SolutionGuid = {070F3186-87B3-4C2C-92B6-58A9546CDCBA}
	EndGlobalSection
EndGlobal
